
Microsoft Visual Studio Solution File, Format Version 12.00
# Visual Studio Version 17
VisualStudioVersion = 17.5.33530.505
MinimumVisualStudioVersion = 10.0.40219.1
Project("{FAE04EC0-301F-11D3-BF4B-00C04F79EFBC}") = "ProyectoToken", "ProyectoToken\ProyectoToken.csproj", "{D2039203-FA79-4CB9-8311-39DFB039E7FC}"
EndProject
Global
	GlobalSection(SolutionConfigurationPlatforms) = preSolution
		Debug|Any CPU = Debug|Any CPU
		Release|Any CPU = Release|Any CPU
	EndGlobalSection
	GlobalSection(ProjectConfigurationPlatforms) = postSolution
		{D2039203-FA79-4CB9-8311-39DFB039E7FC}.Debug|Any CPU.ActiveCfg = Debug|Any CPU
		{D2039203-FA79-4CB9-8311-39DFB039E7FC}.Debug|Any CPU.Build.0 = Debug|Any CPU
		{D2039203-FA79-4CB9-8311-39DFB039E7FC}.Release|Any CPU.ActiveCfg = Release|Any CPU
		{D2039203-FA79-4CB9-8311-39DFB039E7FC}.Release|Any CPU.Build.0 = Release|Any CPU
	EndGlobalSection
	GlobalSection(SolutionProperties) = preSolution
		HideSolutionNode = FALSE
	EndGlobalSection
	GlobalSection(ExtensibilityGlobals) = postSolution
		SolutionGuid = {B3CD5DE7-B790-40A3-B113-E91DB99A3491}
	EndGlobalSection
EndGlobal
